
Microsoft Visual Studio Solution File, Format Version 12.00
# Visual Studio Version 16
VisualStudioVersion = 16.0.29009.5
MinimumVisualStudioVersion = 10.0.40219.1
Project("{FAE04EC0-301F-11D3-BF4B-00C04F79EFBC}") = "Disable-Defender-Completely", "Disable-Defender-Completely\Disable-Defender-Completely.csproj", "{349EBE42-7DF2-4583-A8FB-5E9B7F81B3DE}"
EndProject
Global
	GlobalSection(SolutionConfigurationPlatforms) = preSolution
		Debug|Any CPU = Debug|Any CPU
		Release|Any CPU = Release|Any CPU
	EndGlobalSection
	GlobalSection(ProjectConfigurationPlatforms) = postSolution
		{349EBE42-7DF2-4583-A8FB-5E9B7F81B3DE}.Debug|Any CPU.ActiveCfg = Debug|Any CPU
		{349EBE42-7DF2-4583-A8FB-5E9B7F81B3DE}.Debug|Any CPU.Build.0 = Debug|Any CPU
		{349EBE42-7DF2-4583-A8FB-5E9B7F81B3DE}.Release|Any CPU.ActiveCfg = Release|Any CPU
		{349EBE42-7DF2-4583-A8FB-5E9B7F81B3DE}.Release|Any CPU.Build.0 = Release|Any CPU
	EndGlobalSection
	GlobalSection(SolutionProperties) = preSolution
		HideSolutionNode = FALSE
	EndGlobalSection
	GlobalSection(ExtensibilityGlobals) = postSolution
		SolutionGuid = {B458A7AD-EBB6-4159-AFBF-8D41379D8F9F}
	EndGlobalSection
EndGlobal
